
Microsoft Visual Studio Solution File, Format Version 12.00
# Visual Studio Version 16
VisualStudioVersion = 16.0.30711.63
MinimumVisualStudioVersion = 10.0.40219.1
Project("{FAE04EC0-301F-11D3-BF4B-00C04F79EFBC}") = "DungeonLang", "DungeonLang\DungeonLang.csproj", "{CA3CC170-8325-4FE6-A942-D6B4B22E65AF}"
EndProject
Global
	GlobalSection(SolutionConfigurationPlatforms) = preSolution
		Debug|Any CPU = Debug|Any CPU
		Release|Any CPU = Release|Any CPU
	EndGlobalSection
	GlobalSection(ProjectConfigurationPlatforms) = postSolution
		{CA3CC170-8325-4FE6-A942-D6B4B22E65AF}.Debug|Any CPU.ActiveCfg = Debug|Any CPU
		{CA3CC170-8325-4FE6-A942-D6B4B22E65AF}.Debug|Any CPU.Build.0 = Debug|Any CPU
		{CA3CC170-8325-4FE6-A942-D6B4B22E65AF}.Release|Any CPU.ActiveCfg = Release|Any CPU
		{CA3CC170-8325-4FE6-A942-D6B4B22E65AF}.Release|Any CPU.Build.0 = Release|Any CPU
	EndGlobalSection
	GlobalSection(SolutionProperties) = preSolution
		HideSolutionNode = FALSE
	EndGlobalSection
	GlobalSection(ExtensibilityGlobals) = postSolution
		SolutionGuid = {068CB292-E39C-4971-ADB8-B6D70252C358}
	EndGlobalSection
EndGlobal
